
Microsoft Visual Studio Solution File, Format Version 12.00
# Visual Studio Version 17
VisualStudioVersion = 17.5.33516.290
MinimumVisualStudioVersion = 10.0.40219.1
Project("{2150E333-8FDC-42A3-9474-1A3956D46DE8}") = "ソリューション項目", "ソリューション項目", "{DE0C60DF-309D-44DF-AB3F-1D49396EBA37}"
	ProjectSection(SolutionItems) = preProject
		.editorconfig = .editorconfig
	EndProjectSection
EndProject
Project("{8BC9CEB8-8B4A-11D0-8D11-00A0C91BC942}") = "Renderer", "Renderer\Renderer.vcxproj", "{871C5771-5788-48D7-BDCA-E1185BCD2279}"
EndProject
Global
	GlobalSection(SolutionConfigurationPlatforms) = preSolution
		Debug|x64 = Debug|x64
		Release|x64 = Release|x64
	EndGlobalSection
	GlobalSection(ProjectConfigurationPlatforms) = postSolution
		{871C5771-5788-48D7-BDCA-E1185BCD2279}.Debug|x64.ActiveCfg = Debug|x64
		{871C5771-5788-48D7-BDCA-E1185BCD2279}.Debug|x64.Build.0 = Debug|x64
		{871C5771-5788-48D7-BDCA-E1185BCD2279}.Release|x64.ActiveCfg = Release|x64
		{871C5771-5788-48D7-BDCA-E1185BCD2279}.Release|x64.Build.0 = Release|x64
	EndGlobalSection
	GlobalSection(SolutionProperties) = preSolution
		HideSolutionNode = FALSE
	EndGlobalSection
	GlobalSection(ExtensibilityGlobals) = postSolution
		SolutionGuid = {06155539-E77F-4818-B07C-BE0BBC9E1E38}
	EndGlobalSection
EndGlobal
