<?xml version="1.0" encoding="utf-8"?>
<Project ToolsVersion="4.0" xmlns="http://schemas.microsoft.com/developer/msbuild/2003">
  <ItemGroup>
    <Filter Include="ImGui">
      <UniqueIdentifier>{6db9e17f-f197-4e42-b3f1-cb2ff6e91dbd}</UniqueIdentifier>
    </Filter>
    <Filter Include="Math">
      <UniqueIdentifier>{54fff3a4-92f8-4cfb-bec5-7b915b47903c}</UniqueIdentifier>
    </Filter>
    <Filter Include="Resource">
      <UniqueIdentifier>{67DA6AB6-F800-4c08-8B7A-83BB121AAD01}</UniqueIdentifier>
      <Extensions>rc;ico;cur;bmp;dlg;rc2;rct;bin;rgs;gif;jpg;jpeg;jpe;resx;tiff;tif;png;wav;mfcribbon-ms</Extensions>
    </Filter>
    <Filter Include="Resource\Shader">
      <UniqueIdentifier>{5c5c7f06-12c8-42bd-acdb-15a558affb01}</UniqueIdentifier>
    </Filter>
    <Filter Include="Header">
      <UniqueIdentifier>{93995380-89BD-4b04-88EB-625FBE52EBFB}</UniqueIdentifier>
      <Extensions>h;hh;hpp;hxx;h++;hm;inl;inc;ipp;xsd</Extensions>
    </Filter>
    <Filter Include="Source">
      <UniqueIdentifier>{4FC737F1-C7A5-4376-A066-2A32D752A2FF}</UniqueIdentifier>
      <Extensions>cpp;c;cc;cxx;c++;cppm;ixx;def;odl;idl;hpj;bat;asm;asmx</Extensions>
    </Filter>
    <Filter Include="System">
      <UniqueIdentifier>{b6b09d44-3488-46ab-9cd9-e865d5bc2284}</UniqueIdentifier>
    </Filter>
    <Filter Include="GUI">
      <UniqueIdentifier>{8e7e6a7e-2565-49ef-9f1c-ddc6464992e3}</UniqueIdentifier>
    </Filter>
  </ItemGroup>
  <ItemGroup>
    <ClCompile Include="main.cpp">
      <Filter>Source</Filter>
    </ClCompile>
    <ClCompile Include="Math\MathUtils.cpp">
      <Filter>Math</Filter>
    </ClCompile>
    <ClCompile Include="Externals\ImGui\imgui.cpp">
      <Filter>ImGui</Filter>
    </ClCompile>
    <ClCompile Include="Externals\ImGui\imgui_demo.cpp">
      <Filter>ImGui</Filter>
    </ClCompile>
    <ClCompile Include="Externals\ImGui\imgui_draw.cpp">
      <Filter>ImGui</Filter>
    </ClCompile>
    <ClCompile Include="Externals\ImGui\imgui_impl_dx12.cpp">
      <Filter>ImGui</Filter>
    </ClCompile>
    <ClCompile Include="Externals\ImGui\imgui_impl_win32.cpp">
      <Filter>ImGui</Filter>
    </ClCompile>
    <ClCompile Include="Externals\ImGui\imgui_tables.cpp">
      <Filter>ImGui</Filter>
    </ClCompile>
    <ClCompile Include="Externals\ImGui\imgui_widgets.cpp">
      <Filter>ImGui</Filter>
    </ClCompile>
    <ClCompile Include="Renderer.cpp">
      <Filter>Source</Filter>
    </ClCompile>
    <ClCompile Include="ShaderUtils.cpp">
      <Filter>Source</Filter>
    </ClCompile>
    <ClCompile Include="Input.cpp">
      <Filter>Source</Filter>
    </ClCompile>
    <ClCompile Include="GameObject.cpp">
      <Filter>System</Filter>
    </ClCompile>
    <ClCompile Include="Collider.cpp">
      <Filter>System</Filter>
    </ClCompile>
    <ClCompile Include="Transform.cpp">
      <Filter>System</Filter>
    </ClCompile>
    <ClCompile Include="HierarchyView.cpp">
      <Filter>GUI</Filter>
    </ClCompile>
    <ClCompile Include="Component.cpp">
      <Filter>System</Filter>
    </ClCompile>
    <ClCompile Include="Scene.cpp">
      <Filter>System</Filter>
    </ClCompile>
    <ClCompile Include="InspectorView.cpp">
      <Filter>GUI</Filter>
    </ClCompile>
  </ItemGroup>
  <ItemGroup>
    <ClInclude Include="Math\MathUtils.hpp">
      <Filter>Math</Filter>
    </ClInclude>
    <ClInclude Include="Externals\ImGui\imconfig.h">
      <Filter>ImGui</Filter>
    </ClInclude>
    <ClInclude Include="Externals\ImGui\imgui.h">
      <Filter>ImGui</Filter>
    </ClInclude>
    <ClInclude Include="Externals\ImGui\imgui_impl_dx12.h">
      <Filter>ImGui</Filter>
    </ClInclude>
    <ClInclude Include="Externals\ImGui\imgui_impl_win32.h">
      <Filter>ImGui</Filter>
    </ClInclude>
    <ClInclude Include="Externals\ImGui\imgui_internal.h">
      <Filter>ImGui</Filter>
    </ClInclude>
    <ClInclude Include="Externals\ImGui\imstb_rectpack.h">
      <Filter>ImGui</Filter>
    </ClInclude>
    <ClInclude Include="Externals\ImGui\imstb_textedit.h">
      <Filter>ImGui</Filter>
    </ClInclude>
    <ClInclude Include="Externals\ImGui\imstb_truetype.h">
      <Filter>ImGui</Filter>
    </ClInclude>
    <ClInclude Include="Renderer.hpp">
      <Filter>Header</Filter>
    </ClInclude>
    <ClInclude Include="ShaderUtils.hpp">
      <Filter>Header</Filter>
    </ClInclude>
    <ClInclude Include="Input.hpp">
      <Filter>Header</Filter>
    </ClInclude>
    <ClInclude Include="Utils.hpp">
      <Filter>Header</Filter>
    </ClInclude>
    <ClInclude Include="AABB.hpp">
      <Filter>Header</Filter>
    </ClInclude>
    <ClInclude Include="GameObject.hpp">
      <Filter>System</Filter>
    </ClInclude>
    <ClInclude Include="Component.hpp">
      <Filter>System</Filter>
    </ClInclude>
    <ClInclude Include="Collider.hpp">
      <Filter>System</Filter>
    </ClInclude>
    <ClInclude Include="Transform.hpp">
      <Filter>System</Filter>
    </ClInclude>
    <ClInclude Include="Behavior.hpp">
      <Filter>System</Filter>
    </ClInclude>
    <ClInclude Include="HierarchyView.hpp">
      <Filter>GUI</Filter>
    </ClInclude>
    <ClInclude Include="Scene.hpp">
      <Filter>System</Filter>
    </ClInclude>
    <ClInclude Include="Object.hpp">
      <Filter>System</Filter>
    </ClInclude>
    <ClInclude Include="InspectorView.hpp">
      <Filter>GUI</Filter>
    </ClInclude>
    <ClInclude Include="ViewWindow.hpp">
      <Filter>GUI</Filter>
    </ClInclude>
  </ItemGroup>
  <ItemGroup>
    <None Include="object_vs.hlsl">
      <Filter>Resource\Shader</Filter>
    </None>
    <None Include="object_ps.hlsl">
      <Filter>Resource\Shader</Filter>
    </None>
    <None Include="wire_frame_ps.hlsl">
      <Filter>Resource\Shader</Filter>
    </None>
    <None Include="wire_frame_vs.hlsl">
      <Filter>Resource\Shader</Filter>
    </None>
  </ItemGroup>
</Project>