<?xml version="1.0" encoding="utf-8"?>
<Project ToolsVersion="4.0" xmlns="http://schemas.microsoft.com/developer/msbuild/2003">
  <ItemGroup>
    <Filter Include="ImGui">
      <UniqueIdentifier>{6db9e17f-f197-4e42-b3f1-cb2ff6e91dbd}</UniqueIdentifier>
    </Filter>
    <Filter Include="Math">
      <UniqueIdentifier>{54fff3a4-92f8-4cfb-bec5-7b915b47903c}</UniqueIdentifier>
    </Filter>
    <Filter Include="Resource">
      <UniqueIdentifier>{67DA6AB6-F800-4c08-8B7A-83BB121AAD01}</UniqueIdentifier>
      <Extensions>rc;ico;cur;bmp;dlg;rc2;rct;bin;rgs;gif;jpg;jpeg;jpe;resx;tiff;tif;png;wav;mfcribbon-ms</Extensions>
    </Filter>
    <Filter Include="Resource\Shader">
      <UniqueIdentifier>{5c5c7f06-12c8-42bd-acdb-15a558affb01}</UniqueIdentifier>
    </Filter>
    <Filter Include="Header">
      <UniqueIdentifier>{93995380-89BD-4b04-88EB-625FBE52EBFB}</UniqueIdentifier>
      <Extensions>h;hh;hpp;hxx;h++;hm;inl;inc;ipp;xsd</Extensions>
    </Filter>
    <Filter Include="Source">
      <UniqueIdentifier>{4FC737F1-C7A5-4376-A066-2A32D752A2FF}</UniqueIdentifier>
      <Extensions>cpp;c;cc;cxx;c++;cppm;ixx;def;odl;idl;hpj;bat;asm;asmx</Extensions>
    </Filter>
    <Filter Include="System">
      <UniqueIdentifier>{b6b09d44-3488-46ab-9cd9-e865d5bc2284}</UniqueIdentifier>
    </Filter>
    <Filter Include="GUI">
      <UniqueIdentifier>{8e7e6a7e-2565-49ef-9f1c-ddc6464992e3}</UniqueIdentifier>
    </Filter>
    <Filter Include="Collision">
      <UniqueIdentifier>{4def2b0e-c4c1-429f-997f-da8e5b2a4cfb}</UniqueIdentifier>
    </Filter>
    <Filter Include="DirectX12">
      <UniqueIdentifier>{25648c25-bf3d-44f3-b68b-9460547d0ef6}</UniqueIdentifier>
    </Filter>
    <Filter Include="DirectX12\Include">
      <UniqueIdentifier>{f0ee5525-b2e7-4203-938d-c4f888ec151d}</UniqueIdentifier>
    </Filter>
    <Filter Include="DirectX12\Source">
      <UniqueIdentifier>{a08689aa-9f30-42c3-9006-642e0d30b198}</UniqueIdentifier>
    </Filter>
  </ItemGroup>
  <ItemGroup>
    <ClCompile Include="main.cpp">
      <Filter>Source</Filter>
    </ClCompile>
    <ClCompile Include="Math\MathUtils.cpp">
      <Filter>Math</Filter>
    </ClCompile>
    <ClCompile Include="Externals\ImGui\imgui.cpp">
      <Filter>ImGui</Filter>
    </ClCompile>
    <ClCompile Include="Externals\ImGui\imgui_demo.cpp">
      <Filter>ImGui</Filter>
    </ClCompile>
    <ClCompile Include="Externals\ImGui\imgui_draw.cpp">
      <Filter>ImGui</Filter>
    </ClCompile>
    <ClCompile Include="Externals\ImGui\imgui_impl_dx12.cpp">
      <Filter>ImGui</Filter>
    </ClCompile>
    <ClCompile Include="Externals\ImGui\imgui_impl_win32.cpp">
      <Filter>ImGui</Filter>
    </ClCompile>
    <ClCompile Include="Externals\ImGui\imgui_tables.cpp">
      <Filter>ImGui</Filter>
    </ClCompile>
    <ClCompile Include="Externals\ImGui\imgui_widgets.cpp">
      <Filter>ImGui</Filter>
    </ClCompile>
    <ClCompile Include="Renderer.cpp">
      <Filter>Source</Filter>
    </ClCompile>
    <ClCompile Include="Input.cpp">
      <Filter>Source</Filter>
    </ClCompile>
    <ClCompile Include="GameObject.cpp">
      <Filter>System</Filter>
    </ClCompile>
    <ClCompile Include="HierarchyView.cpp">
      <Filter>GUI</Filter>
    </ClCompile>
    <ClCompile Include="Component.cpp">
      <Filter>System</Filter>
    </ClCompile>
    <ClCompile Include="Scene.cpp">
      <Filter>System</Filter>
    </ClCompile>
    <ClCompile Include="InspectorView.cpp">
      <Filter>GUI</Filter>
    </ClCompile>
    <ClCompile Include="Collider.cpp">
      <Filter>Collision</Filter>
    </ClCompile>
    <ClCompile Include="Transform.cpp">
      <Filter>Collision</Filter>
    </ClCompile>
    <ClCompile Include="Collision.cpp">
      <Filter>Collision</Filter>
    </ClCompile>
    <ClCompile Include="DX12\CommandList.cpp">
      <Filter>DirectX12\Source</Filter>
    </ClCompile>
    <ClCompile Include="DX12\CommandQueue.cpp">
      <Filter>DirectX12\Source</Filter>
    </ClCompile>
    <ClCompile Include="DX12\Descriptor.cpp">
      <Filter>DirectX12\Source</Filter>
    </ClCompile>
    <ClCompile Include="DX12\DescriptorHeap.cpp">
      <Filter>DirectX12\Source</Filter>
    </ClCompile>
    <ClCompile Include="DX12\Device.cpp">
      <Filter>DirectX12\Source</Filter>
    </ClCompile>
    <ClCompile Include="DX12\Fence.cpp">
      <Filter>DirectX12\Source</Filter>
    </ClCompile>
    <ClCompile Include="DX12\PipelineState.cpp">
      <Filter>DirectX12\Source</Filter>
    </ClCompile>
    <ClCompile Include="DX12\Resource.cpp">
      <Filter>DirectX12\Source</Filter>
    </ClCompile>
    <ClCompile Include="DX12\RootSignature.cpp">
      <Filter>DirectX12\Source</Filter>
    </ClCompile>
    <ClCompile Include="DX12\Shader.cpp">
      <Filter>DirectX12\Source</Filter>
    </ClCompile>
    <ClCompile Include="DX12\SwapChain.cpp">
      <Filter>DirectX12\Source</Filter>
    </ClCompile>
    <ClCompile Include="DX12\Views.cpp">
      <Filter>DirectX12\Source</Filter>
    </ClCompile>
    <ClCompile Include="DX12\ShaderCompiler.cpp">
      <Filter>DirectX12\Source</Filter>
    </ClCompile>
    <ClCompile Include="DX12\DX12.cpp">
      <Filter>DirectX12\Source</Filter>
    </ClCompile>
    <ClCompile Include="Camera.cpp">
      <Filter>Source</Filter>
    </ClCompile>
    <ClCompile Include="Player.cpp">
      <Filter>Collision</Filter>
    </ClCompile>
    <ClCompile Include="CollisionManager.cpp">
      <Filter>Collision</Filter>
    </ClCompile>
  </ItemGroup>
  <ItemGroup>
    <ClInclude Include="Math\MathUtils.hpp">
      <Filter>Math</Filter>
    </ClInclude>
    <ClInclude Include="Externals\ImGui\imconfig.h">
      <Filter>ImGui</Filter>
    </ClInclude>
    <ClInclude Include="Externals\ImGui\imgui.h">
      <Filter>ImGui</Filter>
    </ClInclude>
    <ClInclude Include="Externals\ImGui\imgui_impl_dx12.h">
      <Filter>ImGui</Filter>
    </ClInclude>
    <ClInclude Include="Externals\ImGui\imgui_impl_win32.h">
      <Filter>ImGui</Filter>
    </ClInclude>
    <ClInclude Include="Externals\ImGui\imgui_internal.h">
      <Filter>ImGui</Filter>
    </ClInclude>
    <ClInclude Include="Externals\ImGui\imstb_rectpack.h">
      <Filter>ImGui</Filter>
    </ClInclude>
    <ClInclude Include="Externals\ImGui\imstb_textedit.h">
      <Filter>ImGui</Filter>
    </ClInclude>
    <ClInclude Include="Externals\ImGui\imstb_truetype.h">
      <Filter>ImGui</Filter>
    </ClInclude>
    <ClInclude Include="Renderer.hpp">
      <Filter>Header</Filter>
    </ClInclude>
    <ClInclude Include="Input.hpp">
      <Filter>Header</Filter>
    </ClInclude>
    <ClInclude Include="AABB.hpp">
      <Filter>Header</Filter>
    </ClInclude>
    <ClInclude Include="GameObject.hpp">
      <Filter>System</Filter>
    </ClInclude>
    <ClInclude Include="Component.hpp">
      <Filter>System</Filter>
    </ClInclude>
    <ClInclude Include="Behavior.hpp">
      <Filter>System</Filter>
    </ClInclude>
    <ClInclude Include="HierarchyView.hpp">
      <Filter>GUI</Filter>
    </ClInclude>
    <ClInclude Include="Scene.hpp">
      <Filter>System</Filter>
    </ClInclude>
    <ClInclude Include="Object.hpp">
      <Filter>System</Filter>
    </ClInclude>
    <ClInclude Include="InspectorView.hpp">
      <Filter>GUI</Filter>
    </ClInclude>
    <ClInclude Include="ViewWindow.hpp">
      <Filter>GUI</Filter>
    </ClInclude>
    <ClInclude Include="Collision.h">
      <Filter>Collision</Filter>
    </ClInclude>
    <ClInclude Include="Collider.hpp">
      <Filter>Collision</Filter>
    </ClInclude>
    <ClInclude Include="Transform.hpp">
      <Filter>Collision</Filter>
    </ClInclude>
    <ClInclude Include="DX12\DX12.h">
      <Filter>DirectX12\Include</Filter>
    </ClInclude>
    <ClInclude Include="DX12\CommandList.h">
      <Filter>DirectX12\Include</Filter>
    </ClInclude>
    <ClInclude Include="DX12\CommandQueue.h">
      <Filter>DirectX12\Include</Filter>
    </ClInclude>
    <ClInclude Include="DX12\Descriptor.h">
      <Filter>DirectX12\Include</Filter>
    </ClInclude>
    <ClInclude Include="DX12\DescriptorHeap.h">
      <Filter>DirectX12\Include</Filter>
    </ClInclude>
    <ClInclude Include="DX12\Device.h">
      <Filter>DirectX12\Include</Filter>
    </ClInclude>
    <ClInclude Include="DX12\Fence.h">
      <Filter>DirectX12\Include</Filter>
    </ClInclude>
    <ClInclude Include="DX12\PipelineState.h">
      <Filter>DirectX12\Include</Filter>
    </ClInclude>
    <ClInclude Include="DX12\Resource.h">
      <Filter>DirectX12\Include</Filter>
    </ClInclude>
    <ClInclude Include="DX12\RootSignature.h">
      <Filter>DirectX12\Include</Filter>
    </ClInclude>
    <ClInclude Include="DX12\Shader.h">
      <Filter>DirectX12\Include</Filter>
    </ClInclude>
    <ClInclude Include="DX12\SwapChain.h">
      <Filter>DirectX12\Include</Filter>
    </ClInclude>
    <ClInclude Include="DX12\Views.h">
      <Filter>DirectX12\Include</Filter>
    </ClInclude>
    <ClInclude Include="DX12\ShaderCompiler.h">
      <Filter>DirectX12\Include</Filter>
    </ClInclude>
    <ClInclude Include="Camera.h">
      <Filter>Header</Filter>
    </ClInclude>
    <ClInclude Include="ImGuiEx.h">
      <Filter>Header</Filter>
    </ClInclude>
    <ClInclude Include="Player.h">
      <Filter>Collision</Filter>
    </ClInclude>
    <ClInclude Include="CollisionManager.h">
      <Filter>Collision</Filter>
    </ClInclude>
  </ItemGroup>
  <ItemGroup>
    <None Include="object_vs.hlsl">
      <Filter>Resource\Shader</Filter>
    </None>
    <None Include="object_ps.hlsl">
      <Filter>Resource\Shader</Filter>
    </None>
    <None Include="wire_frame_ps.hlsl">
      <Filter>Resource\Shader</Filter>
    </None>
    <None Include="wire_frame_vs.hlsl">
      <Filter>Resource\Shader</Filter>
    </None>
    <None Include="line_vs.hlsl">
      <Filter>Resource\Shader</Filter>
    </None>
    <None Include="line_ps.hlsl">
      <Filter>Resource\Shader</Filter>
    </None>
  </ItemGroup>
</Project>